
Microsoft Visual Studio Solution File, Format Version 12.00
# Visual Studio Version 17
VisualStudioVersion = 17.14.36623.8 d17.14
MinimumVisualStudioVersion = 10.0.40219.1
Project("{2150E333-8FDC-42A3-9474-1A3956D46DE8}") = "ExpenseTracker.Application", "ExpenseTracker.Application", "{02EA681E-C7D8-13C7-8484-4AC65E1B71E8}"
EndProject
Project("{2150E333-8FDC-42A3-9474-1A3956D46DE8}") = "ExpenseTracker.Infrastructure", "ExpenseTracker.Infrastructure", "{E87022BF-9C4B-4F25-9F17-97E281BE29DA}"
EndProject
Project("{2150E333-8FDC-42A3-9474-1A3956D46DE8}") = "ExpenseTracker.WebApi", "ExpenseTracker.WebApi", "{4A5C4519-2B1C-4652-9A03-09028C7A5AD8}"
EndProject
Project("{FAE04EC0-301F-11D3-BF4B-00C04F79EFBC}") = "ExpenseTracker.Application.Domain", "ExpenseTracker.Application.Domain\ExpenseTracker.Application.Domain.csproj", "{38F7868A-92DE-4C81-B23F-49FA944938DA}"
EndProject
Project("{FAE04EC0-301F-11D3-BF4B-00C04F79EFBC}") = "ExpenseTracker.Infrastructure.Data", "ExpenseTracker.Infrastructure.Data\ExpenseTracker.Infrastructure.Data.csproj", "{C59D0986-F818-4B4B-A05C-3EDA6E9FE334}"
EndProject
Project("{FAE04EC0-301F-11D3-BF4B-00C04F79EFBC}") = "ExpenseTracker.WebApi", "ExpenseTracker.WebApi\ExpenseTracker.WebApi.csproj", "{0B110046-E10C-4E1A-9A80-98411668635F}"
EndProject
Global
	GlobalSection(SolutionConfigurationPlatforms) = preSolution
		Debug|Any CPU = Debug|Any CPU
		Release|Any CPU = Release|Any CPU
	EndGlobalSection
	GlobalSection(ProjectConfigurationPlatforms) = postSolution
		{38F7868A-92DE-4C81-B23F-49FA944938DA}.Debug|Any CPU.ActiveCfg = Debug|Any CPU
		{38F7868A-92DE-4C81-B23F-49FA944938DA}.Debug|Any CPU.Build.0 = Debug|Any CPU
		{38F7868A-92DE-4C81-B23F-49FA944938DA}.Release|Any CPU.ActiveCfg = Release|Any CPU
		{38F7868A-92DE-4C81-B23F-49FA944938DA}.Release|Any CPU.Build.0 = Release|Any CPU
		{C59D0986-F818-4B4B-A05C-3EDA6E9FE334}.Debug|Any CPU.ActiveCfg = Debug|Any CPU
		{C59D0986-F818-4B4B-A05C-3EDA6E9FE334}.Debug|Any CPU.Build.0 = Debug|Any CPU
		{C59D0986-F818-4B4B-A05C-3EDA6E9FE334}.Release|Any CPU.ActiveCfg = Release|Any CPU
		{C59D0986-F818-4B4B-A05C-3EDA6E9FE334}.Release|Any CPU.Build.0 = Release|Any CPU
		{0B110046-E10C-4E1A-9A80-98411668635F}.Debug|Any CPU.ActiveCfg = Debug|Any CPU
		{0B110046-E10C-4E1A-9A80-98411668635F}.Debug|Any CPU.Build.0 = Debug|Any CPU
		{0B110046-E10C-4E1A-9A80-98411668635F}.Release|Any CPU.ActiveCfg = Release|Any CPU
		{0B110046-E10C-4E1A-9A80-98411668635F}.Release|Any CPU.Build.0 = Release|Any CPU
	EndGlobalSection
	GlobalSection(SolutionProperties) = preSolution
		HideSolutionNode = FALSE
	EndGlobalSection
	GlobalSection(NestedProjects) = preSolution
		{38F7868A-92DE-4C81-B23F-49FA944938DA} = {02EA681E-C7D8-13C7-8484-4AC65E1B71E8}
		{C59D0986-F818-4B4B-A05C-3EDA6E9FE334} = {E87022BF-9C4B-4F25-9F17-97E281BE29DA}
		{0B110046-E10C-4E1A-9A80-98411668635F} = {4A5C4519-2B1C-4652-9A03-09028C7A5AD8}
	EndGlobalSection
	GlobalSection(ExtensibilityGlobals) = postSolution
		SolutionGuid = {B002A630-3438-40D4-8520-723364C22D1D}
	EndGlobalSection
EndGlobal
